
Microsoft Visual Studio Solution File, Format Version 12.00
# Visual Studio Version 17
VisualStudioVersion = 17.0.31912.275
MinimumVisualStudioVersion = 10.0.40219.1
Project("{9A19103F-16F7-4668-BE54-9A1E7A4F7556}") = "WebApi", "WebApi\WebApi.csproj", "{0C542137-D103-4825-B636-C4E9D8E7EFC9}"
EndProject
Project("{2150E333-8FDC-42A3-9474-1A3956D46DE8}") = "Source", "Source", "{79EDE741-1146-4C1F-BE28-82F2709E9C59}"
EndProject
Project("{2150E333-8FDC-42A3-9474-1A3956D46DE8}") = "Core", "Core", "{D0F0FC8A-3AE2-4676-BA02-6762B286D890}"
EndProject
Project("{2150E333-8FDC-42A3-9474-1A3956D46DE8}") = "Infrastructure", "Infrastructure", "{FC49C8DC-04D6-40EE-8F6A-B437B52811BA}"
EndProject
Project("{2150E333-8FDC-42A3-9474-1A3956D46DE8}") = "WebApi", "WebApi", "{5C13E465-DE64-4510-B539-170F893038FB}"
EndProject
Project("{9A19103F-16F7-4668-BE54-9A1E7A4F7556}") = "Domain", "Domain\Domain.csproj", "{5885FCE0-9158-4AF7-9A57-C83FBECA539A}"
EndProject
Project("{9A19103F-16F7-4668-BE54-9A1E7A4F7556}") = "Application", "Application\Application.csproj", "{8BC3FB7C-65EB-46CB-972F-1C158B9EFE1F}"
EndProject
Project("{9A19103F-16F7-4668-BE54-9A1E7A4F7556}") = "Infrastructure.Persistence", "Infrastructure.Persistence\Infrastructure.Persistence.csproj", "{C772A90E-F5CA-4D58-977D-574C93F8AF3F}"
EndProject
Project("{9A19103F-16F7-4668-BE54-9A1E7A4F7556}") = "Infrastructure.Shared", "Infrastructure.Shared\Infrastructure.Shared.csproj", "{C4009D3B-6161-4494-ADFC-18783719A065}"
EndProject
Project("{2150E333-8FDC-42A3-9474-1A3956D46DE8}") = "Solution Items", "Solution Items", "{D1772D3C-7F63-4059-AC8F-7AB5E1860CD3}"
	ProjectSection(SolutionItems) = preProject
		.editorconfig = .editorconfig
	EndProjectSection
EndProject
Project("{2150E333-8FDC-42A3-9474-1A3956D46DE8}") = "UnitTest", "UnitTest", "{8CAA28C4-CB40-48B6-9BA3-C3A4852D6ADE}"
EndProject
Project("{FAE04EC0-301F-11D3-BF4B-00C04F79EFBC}") = "BusRouteUnitTest", "BusRouteUnitTest\BusRouteUnitTest.csproj", "{47B9896D-B938-44DE-9001-54735D0415A8}"
EndProject
Global
	GlobalSection(SolutionConfigurationPlatforms) = preSolution
		Debug|Any CPU = Debug|Any CPU
		Release|Any CPU = Release|Any CPU
	EndGlobalSection
	GlobalSection(ProjectConfigurationPlatforms) = postSolution
		{0C542137-D103-4825-B636-C4E9D8E7EFC9}.Debug|Any CPU.ActiveCfg = Debug|Any CPU
		{0C542137-D103-4825-B636-C4E9D8E7EFC9}.Debug|Any CPU.Build.0 = Debug|Any CPU
		{0C542137-D103-4825-B636-C4E9D8E7EFC9}.Release|Any CPU.ActiveCfg = Release|Any CPU
		{0C542137-D103-4825-B636-C4E9D8E7EFC9}.Release|Any CPU.Build.0 = Release|Any CPU
		{5885FCE0-9158-4AF7-9A57-C83FBECA539A}.Debug|Any CPU.ActiveCfg = Debug|Any CPU
		{5885FCE0-9158-4AF7-9A57-C83FBECA539A}.Debug|Any CPU.Build.0 = Debug|Any CPU
		{5885FCE0-9158-4AF7-9A57-C83FBECA539A}.Release|Any CPU.ActiveCfg = Release|Any CPU
		{5885FCE0-9158-4AF7-9A57-C83FBECA539A}.Release|Any CPU.Build.0 = Release|Any CPU
		{8BC3FB7C-65EB-46CB-972F-1C158B9EFE1F}.Debug|Any CPU.ActiveCfg = Debug|Any CPU
		{8BC3FB7C-65EB-46CB-972F-1C158B9EFE1F}.Debug|Any CPU.Build.0 = Debug|Any CPU
		{8BC3FB7C-65EB-46CB-972F-1C158B9EFE1F}.Release|Any CPU.ActiveCfg = Release|Any CPU
		{8BC3FB7C-65EB-46CB-972F-1C158B9EFE1F}.Release|Any CPU.Build.0 = Release|Any CPU
		{C772A90E-F5CA-4D58-977D-574C93F8AF3F}.Debug|Any CPU.ActiveCfg = Debug|Any CPU
		{C772A90E-F5CA-4D58-977D-574C93F8AF3F}.Debug|Any CPU.Build.0 = Debug|Any CPU
		{C772A90E-F5CA-4D58-977D-574C93F8AF3F}.Release|Any CPU.ActiveCfg = Release|Any CPU
		{C772A90E-F5CA-4D58-977D-574C93F8AF3F}.Release|Any CPU.Build.0 = Release|Any CPU
		{C4009D3B-6161-4494-ADFC-18783719A065}.Debug|Any CPU.ActiveCfg = Debug|Any CPU
		{C4009D3B-6161-4494-ADFC-18783719A065}.Debug|Any CPU.Build.0 = Debug|Any CPU
		{C4009D3B-6161-4494-ADFC-18783719A065}.Release|Any CPU.ActiveCfg = Release|Any CPU
		{C4009D3B-6161-4494-ADFC-18783719A065}.Release|Any CPU.Build.0 = Release|Any CPU
		{47B9896D-B938-44DE-9001-54735D0415A8}.Debug|Any CPU.ActiveCfg = Debug|Any CPU
		{47B9896D-B938-44DE-9001-54735D0415A8}.Debug|Any CPU.Build.0 = Debug|Any CPU
		{47B9896D-B938-44DE-9001-54735D0415A8}.Release|Any CPU.ActiveCfg = Release|Any CPU
		{47B9896D-B938-44DE-9001-54735D0415A8}.Release|Any CPU.Build.0 = Release|Any CPU
	EndGlobalSection
	GlobalSection(SolutionProperties) = preSolution
		HideSolutionNode = FALSE
	EndGlobalSection
	GlobalSection(NestedProjects) = preSolution
		{0C542137-D103-4825-B636-C4E9D8E7EFC9} = {5C13E465-DE64-4510-B539-170F893038FB}
		{D0F0FC8A-3AE2-4676-BA02-6762B286D890} = {79EDE741-1146-4C1F-BE28-82F2709E9C59}
		{FC49C8DC-04D6-40EE-8F6A-B437B52811BA} = {79EDE741-1146-4C1F-BE28-82F2709E9C59}
		{5C13E465-DE64-4510-B539-170F893038FB} = {79EDE741-1146-4C1F-BE28-82F2709E9C59}
		{5885FCE0-9158-4AF7-9A57-C83FBECA539A} = {D0F0FC8A-3AE2-4676-BA02-6762B286D890}
		{8BC3FB7C-65EB-46CB-972F-1C158B9EFE1F} = {D0F0FC8A-3AE2-4676-BA02-6762B286D890}
		{C772A90E-F5CA-4D58-977D-574C93F8AF3F} = {FC49C8DC-04D6-40EE-8F6A-B437B52811BA}
		{C4009D3B-6161-4494-ADFC-18783719A065} = {FC49C8DC-04D6-40EE-8F6A-B437B52811BA}
		{8CAA28C4-CB40-48B6-9BA3-C3A4852D6ADE} = {79EDE741-1146-4C1F-BE28-82F2709E9C59}
		{47B9896D-B938-44DE-9001-54735D0415A8} = {8CAA28C4-CB40-48B6-9BA3-C3A4852D6ADE}
	EndGlobalSection
	GlobalSection(ExtensibilityGlobals) = postSolution
		SolutionGuid = {65584FD6-4295-480B-B02D-ADAC34713D84}
	EndGlobalSection
EndGlobal
